<?xml version="1.0" encoding="utf-8"?>
<Project ToolsVersion="4.0" xmlns="http://schemas.microsoft.com/developer/msbuild/2003">
  <ItemGroup>
    <Filter Include="源文件">
      <UniqueIdentifier>{4FC737F1-C7A5-4376-A066-2A32D752A2FF}</UniqueIdentifier>
      <Extensions>cpp;c;cc;cxx;def;odl;idl;hpj;bat;asm;asmx</Extensions>
    </Filter>
    <Filter Include="头文件">
      <UniqueIdentifier>{93995380-89BD-4b04-88EB-625FBE52EBFB}</UniqueIdentifier>
      <Extensions>h;hh;hpp;hxx;hm;inl;inc;ipp;xsd</Extensions>
    </Filter>
    <Filter Include="资源文件">
      <UniqueIdentifier>{67DA6AB6-F800-4c08-8B7A-83BB121AAD01}</UniqueIdentifier>
      <Extensions>rc;ico;cur;bmp;dlg;rc2;rct;bin;rgs;gif;jpg;jpeg;jpe;resx;tiff;tif;png;wav;mfcribbon-ms</Extensions>
    </Filter>
  </ItemGroup>
  <ItemGroup>
    <ClCompile Include="源.cpp">
      <Filter>源文件</Filter>
    </ClCompile>
    <ClCompile Include="Turing.cpp">
      <Filter>源文件</Filter>
    </ClCompile>
    <ClCompile Include="LL1a.cpp">
      <Filter>源文件</Filter>
    </ClCompile>
    <ClCompile Include="BackPoint.cpp">
      <Filter>源文件</Filter>
    </ClCompile>
  </ItemGroup>
  <ItemGroup>
    <ClInclude Include="Turing.h">
      <Filter>头文件</Filter>
    </ClInclude>
    <ClInclude Include="LL1a.h">
      <Filter>头文件</Filter>
    </ClInclude>
    <ClInclude Include="BackPoint.h">
      <Filter>头文件</Filter>
    </ClInclude>
  </ItemGroup>
  <ItemGroup>
    <Text Include="gm1-t.txt">
      <Filter>资源文件</Filter>
    </Text>
    <Text Include="gm1-tf.txt">
      <Filter>资源文件</Filter>
    </Text>
    <Text Include="gm1 copy.txt">
      <Filter>资源文件</Filter>
    </Text>
    <Text Include="gm1.txt">
      <Filter>资源文件</Filter>
    </Text>
    <Text Include="demo.txt">
      <Filter>资源文件</Filter>
    </Text>
  </ItemGroup>
  <ItemGroup>
    <None Include="gm2">
      <Filter>资源文件</Filter>
    </None>
    <None Include="gm-t">
      <Filter>资源文件</Filter>
    </None>
  </ItemGroup>
</Project>